# This file is automatically @generated by Cargo.
# It is not intended for manual editing.
version = 3

[[package]]
name = "bumpalo"
version = "3.15.3"
source = "registry+https://github.com/rust-lang/crates.io-index"
checksum = "8ea184aa71bb362a1157c896979544cc23974e08fd265f29ea96b59f0b4a555b"

[[package]]
name = "cfg-if"
version = "1.0.0"
source = "registry+https://github.com/rust-lang/crates.io-index"
checksum = "baf1de4339761588bc0619e3cbc0120ee582ebb74b53b4efbf79117bd2da40fd"

[[package]]
name = "console_error_panic_hook"
version = "0.1.7"
source = "registry+https://github.com/rust-lang/crates.io-index"
checksum = "a06aeb73f470f66dcdbf7223caeebb85984942f22f1adb2a088cf9668146bbbc"
dependencies = [
 "cfg-if",
 "wasm-bindgen",
]

[[package]]
name = "data-oceanics-io-wasm"
version = "0.1.0"
dependencies = [
 "console_error_panic_hook",
 "serde",
 "serde-wasm-bindgen",
 "serde_derive",
 "serde_json",
 "wasm-bindgen",
 "wasm-bindgen-futures",
]

[[package]]
name = "itoa"
version = "1.0.10"
source = "registry+https://github.com/rust-lang/crates.io-index"
checksum = "b1a46d1a171d865aa5f83f92695765caa047a9b4cbae2cbf37dbd613a793fd4c"

[[package]]
name = "js-sys"
version = "0.3.72"
source = "registry+https://github.com/rust-lang/crates.io-index"
checksum = "6a88f1bda2bd75b0452a14784937d796722fdebfe50df998aeb3f0b7603019a9"
dependencies = [
 "wasm-bindgen",
]

[[package]]
name = "log"
version = "0.4.21"
source = "registry+https://github.com/rust-lang/crates.io-index"
checksum = "90ed8c1e510134f979dbc4f070f87d4313098b704861a105fe34231c70a3901c"

[[package]]
name = "memchr"
version = "2.7.4"
source = "registry+https://github.com/rust-lang/crates.io-index"
checksum = "78ca9ab1a0babb1e7d5695e3530886289c18cf2f87ec19a575a0abdce112e3a3"

[[package]]
name = "once_cell"
version = "1.19.0"
source = "registry+https://github.com/rust-lang/crates.io-index"
checksum = "3fdb12b2476b595f9358c5161aa467c2438859caa136dec86c26fdd2efe17b92"

[[package]]
name = "proc-macro2"
version = "1.0.89"
source = "registry+https://github.com/rust-lang/crates.io-index"
checksum = "f139b0662de085916d1fb67d2b4169d1addddda1919e696f3252b740b629986e"
dependencies = [
 "unicode-ident",
]

[[package]]
name = "quote"
version = "1.0.35"
source = "registry+https://github.com/rust-lang/crates.io-index"
checksum = "291ec9ab5efd934aaf503a6466c5d5251535d108ee747472c3977cc5acc868ef"
dependencies = [
 "proc-macro2",
]

[[package]]
name = "ryu"
version = "1.0.17"
source = "registry+https://github.com/rust-lang/crates.io-index"
checksum = "e86697c916019a8588c99b5fac3cead74ec0b4b819707a682fd4d23fa0ce1ba1"

[[package]]
name = "serde"
version = "1.0.213"
source = "registry+https://github.com/rust-lang/crates.io-index"
checksum = "3ea7893ff5e2466df8d720bb615088341b295f849602c6956047f8f80f0e9bc1"
dependencies = [
 "serde_derive",
]

[[package]]
name = "serde-wasm-bindgen"
version = "0.6.5"
source = "registry+https://github.com/rust-lang/crates.io-index"
checksum = "8302e169f0eddcc139c70f139d19d6467353af16f9fce27e8c30158036a1e16b"
dependencies = [
 "js-sys",
 "serde",
 "wasm-bindgen",
]

[[package]]
name = "serde_derive"
version = "1.0.213"
source = "registry+https://github.com/rust-lang/crates.io-index"
checksum = "7e85ad2009c50b58e87caa8cd6dac16bdf511bbfb7af6c33df902396aa480fa5"
dependencies = [
 "proc-macro2",
 "quote",
 "syn",
]

[[package]]
name = "serde_json"
version = "1.0.132"
source = "registry+https://github.com/rust-lang/crates.io-index"
checksum = "d726bfaff4b320266d395898905d0eba0345aae23b54aee3a737e260fd46db03"
dependencies = [
 "itoa",
 "memchr",
 "ryu",
 "serde",
]

[[package]]
name = "syn"
version = "2.0.85"
source = "registry+https://github.com/rust-lang/crates.io-index"
checksum = "5023162dfcd14ef8f32034d8bcd4cc5ddc61ef7a247c024a33e24e1f24d21b56"
dependencies = [
 "proc-macro2",
 "quote",
 "unicode-ident",
]

[[package]]
name = "unicode-ident"
version = "1.0.12"
source = "registry+https://github.com/rust-lang/crates.io-index"
checksum = "3354b9ac3fae1ff6755cb6db53683adb661634f67557942dea4facebec0fee4b"

[[package]]
name = "wasm-bindgen"
version = "0.2.95"
source = "registry+https://github.com/rust-lang/crates.io-index"
checksum = "128d1e363af62632b8eb57219c8fd7877144af57558fb2ef0368d0087bddeb2e"
dependencies = [
 "cfg-if",
 "once_cell",
 "serde",
 "serde_json",
 "wasm-bindgen-macro",
]

[[package]]
name = "wasm-bindgen-backend"
version = "0.2.95"
source = "registry+https://github.com/rust-lang/crates.io-index"
checksum = "cb6dd4d3ca0ddffd1dd1c9c04f94b868c37ff5fac97c30b97cff2d74fce3a358"
dependencies = [
 "bumpalo",
 "log",
 "once_cell",
 "proc-macro2",
 "quote",
 "syn",
 "wasm-bindgen-shared",
]

[[package]]
name = "wasm-bindgen-futures"
version = "0.4.45"
source = "registry+https://github.com/rust-lang/crates.io-index"
checksum = "cc7ec4f8827a71586374db3e87abdb5a2bb3a15afed140221307c3ec06b1f63b"
dependencies = [
 "cfg-if",
 "js-sys",
 "wasm-bindgen",
 "web-sys",
]

[[package]]
name = "wasm-bindgen-macro"
version = "0.2.95"
source = "registry+https://github.com/rust-lang/crates.io-index"
checksum = "e79384be7f8f5a9dd5d7167216f022090cf1f9ec128e6e6a482a2cb5c5422c56"
dependencies = [
 "quote",
 "wasm-bindgen-macro-support",
]

[[package]]
name = "wasm-bindgen-macro-support"
version = "0.2.95"
source = "registry+https://github.com/rust-lang/crates.io-index"
checksum = "26c6ab57572f7a24a4985830b120de1594465e5d500f24afe89e16b4e833ef68"
dependencies = [
 "proc-macro2",
 "quote",
 "syn",
 "wasm-bindgen-backend",
 "wasm-bindgen-shared",
]

[[package]]
name = "wasm-bindgen-shared"
version = "0.2.95"
source = "registry+https://github.com/rust-lang/crates.io-index"
checksum = "65fc09f10666a9f147042251e0dda9c18f166ff7de300607007e96bdebc1068d"

[[package]]
name = "web-sys"
version = "0.3.72"
source = "registry+https://github.com/rust-lang/crates.io-index"
checksum = "f6488b90108c040df0fe62fa815cbdee25124641df01814dd7282749234c6112"
dependencies = [
 "js-sys",
 "wasm-bindgen",
]
